<?xml version="1.0" encoding="utf-8"?>
<Project ToolsVersion="4.0" xmlns="http://schemas.microsoft.com/developer/msbuild/2003">
  <ItemGroup>
    <Filter Include="Source Files">
      <UniqueIdentifier>{4FC737F1-C7A5-4376-A066-2A32D752A2FF}</UniqueIdentifier>
      <Extensions>cpp;c;cc;cxx;def;odl;idl;hpj;bat;asm;asmx</Extensions>
    </Filter>
    <Filter Include="Header Files">
      <UniqueIdentifier>{93995380-89BD-4b04-88EB-625FBE52EBFB}</UniqueIdentifier>
      <Extensions>h;hh;hpp;hxx;hm;inl;inc;xsd</Extensions>
    </Filter>
    <Filter Include="Resource Files">
      <UniqueIdentifier>{D9D6E242-F8AF-46E4-B9FD-80ECBC20BA3E}</UniqueIdentifier>
      <Extensions>qrc;*</Extensions>
      <ParseFiles>false</ParseFiles>
    </Filter>
    <Filter Include="Form Files">
      <UniqueIdentifier>{99349809-55BA-4b9d-BF79-8FDBB0286EB3}</UniqueIdentifier>
      <Extensions>ui</Extensions>
    </Filter>
    <Filter Include="Resource Files">
      <UniqueIdentifier>{D9D6E242-F8AF-46E4-B9FD-80ECBC20BA3E}</UniqueIdentifier>
      <Extensions>qrc;*</Extensions>
      <ParseFiles>false</ParseFiles>
    </Filter>
    <Filter Include="Header Files\libFLAC++">
      <UniqueIdentifier>{1c8ade3c-2414-42ae-b1f2-c04101a621ca}</UniqueIdentifier>
    </Filter>
    <Filter Include="Header Files\libFLAC">
      <UniqueIdentifier>{e74427b0-7cd8-4ce4-bd7f-268b798db266}</UniqueIdentifier>
    </Filter>
    <Filter Include="Header Files\libmp3lame">
      <UniqueIdentifier>{7fd09093-d264-4f03-b2c5-3a21d6e5dbf6}</UniqueIdentifier>
    </Filter>
    <Filter Include="Header Files\libFLAC_share">
      <UniqueIdentifier>{c8499181-e38f-49cf-803c-f0d445d29d6e}</UniqueIdentifier>
    </Filter>
    <Filter Include="Header Files\libFLAC_share\grabbag">
      <UniqueIdentifier>{bb389db7-a4b4-43be-ab16-358064a47017}</UniqueIdentifier>
    </Filter>
    <Filter Include="Header Files\libOGG">
      <UniqueIdentifier>{d5d9ee0a-86fa-4c18-9385-4b3889708b8e}</UniqueIdentifier>
    </Filter>
  </ItemGroup>
  <ItemGroup>
    <ClCompile Include="main.cpp">
      <Filter>Source Files</Filter>
    </ClCompile>
    <ClCompile Include="FLACdropQt.cpp">
      <Filter>Source Files</Filter>
    </ClCompile>
    <ClCompile Include="io.cpp">
      <Filter>Source Files</Filter>
    </ClCompile>
    <ClCompile Include="window_options.cpp">
      <Filter>Source Files</Filter>
    </ClCompile>
    <ClCompile Include="window_log.cpp">
      <Filter>Source Files</Filter>
    </ClCompile>
    <ClCompile Include="window_about.cpp">
      <Filter>Source Files</Filter>
    </ClCompile>
    <ClCompile Include="encoders.cpp">
      <Filter>Source Files</Filter>
    </ClCompile>
    <ClCompile Include="libFLAC_callbacks.cpp">
      <Filter>Source Files</Filter>
    </ClCompile>
  </ItemGroup>
  <ItemGroup>
    <QtMoc Include="FLACdropQt.h">
      <Filter>Header Files</Filter>
    </QtMoc>
    <QtMoc Include="encoders.h">
      <Filter>Header Files</Filter>
    </QtMoc>
  </ItemGroup>
  <ItemGroup>
    <QtUic Include="FLACdropQt.ui">
      <Filter>Form Files</Filter>
    </QtUic>
  </ItemGroup>
  <ItemGroup>
    <QtRcc Include="FLACdropQt.qrc">
      <Filter>Resource Files</Filter>
    </QtRcc>
  </ItemGroup>
  <ItemGroup>
    <ClInclude Include="resource.h">
      <Filter>Header Files</Filter>
    </ClInclude>
    <ClInclude Include="..\libFLAC\include\FLAC++\all.h">
      <Filter>Header Files\libFLAC++</Filter>
    </ClInclude>
    <ClInclude Include="..\libFLAC\include\FLAC++\decoder.h">
      <Filter>Header Files\libFLAC++</Filter>
    </ClInclude>
    <ClInclude Include="..\libFLAC\include\FLAC++\encoder.h">
      <Filter>Header Files\libFLAC++</Filter>
    </ClInclude>
    <ClInclude Include="..\libFLAC\include\FLAC++\export.h">
      <Filter>Header Files\libFLAC++</Filter>
    </ClInclude>
    <ClInclude Include="..\libFLAC\include\FLAC++\metadata.h">
      <Filter>Header Files\libFLAC++</Filter>
    </ClInclude>
    <ClInclude Include="..\libFLAC\include\FLAC\all.h">
      <Filter>Header Files\libFLAC</Filter>
    </ClInclude>
    <ClInclude Include="..\libFLAC\include\FLAC\assert.h">
      <Filter>Header Files\libFLAC</Filter>
    </ClInclude>
    <ClInclude Include="..\libFLAC\include\FLAC\callback.h">
      <Filter>Header Files\libFLAC</Filter>
    </ClInclude>
    <ClInclude Include="..\libFLAC\include\FLAC\export.h">
      <Filter>Header Files\libFLAC</Filter>
    </ClInclude>
    <ClInclude Include="..\libFLAC\include\FLAC\format.h">
      <Filter>Header Files\libFLAC</Filter>
    </ClInclude>
    <ClInclude Include="..\libFLAC\include\FLAC\metadata.h">
      <Filter>Header Files\libFLAC</Filter>
    </ClInclude>
    <ClInclude Include="..\libFLAC\include\FLAC\ordinals.h">
      <Filter>Header Files\libFLAC</Filter>
    </ClInclude>
    <ClInclude Include="..\libFLAC\include\FLAC\stream_decoder.h">
      <Filter>Header Files\libFLAC</Filter>
    </ClInclude>
    <ClInclude Include="..\libFLAC\include\FLAC\stream_encoder.h">
      <Filter>Header Files\libFLAC</Filter>
    </ClInclude>
    <ClInclude Include="..\libmp3lame\include\lame.h">
      <Filter>Header Files\libmp3lame</Filter>
    </ClInclude>
    <ClInclude Include="..\libFLAC\include\share\alloc.h">
      <Filter>Header Files\libFLAC_share</Filter>
    </ClInclude>
    <ClInclude Include="..\libFLAC\include\share\compat.h">
      <Filter>Header Files\libFLAC_share</Filter>
    </ClInclude>
    <ClInclude Include="..\libFLAC\include\share\endswap.h">
      <Filter>Header Files\libFLAC_share</Filter>
    </ClInclude>
    <ClInclude Include="..\libFLAC\include\share\getopt.h">
      <Filter>Header Files\libFLAC_share</Filter>
    </ClInclude>
    <ClInclude Include="..\libFLAC\include\share\grabbag.h">
      <Filter>Header Files\libFLAC_share</Filter>
    </ClInclude>
    <ClInclude Include="..\libFLAC\include\share\macros.h">
      <Filter>Header Files\libFLAC_share</Filter>
    </ClInclude>
    <ClInclude Include="..\libFLAC\include\share\private.h">
      <Filter>Header Files\libFLAC_share</Filter>
    </ClInclude>
    <ClInclude Include="..\libFLAC\include\share\replaygain_analysis.h">
      <Filter>Header Files\libFLAC_share</Filter>
    </ClInclude>
    <ClInclude Include="..\libFLAC\include\share\replaygain_synthesis.h">
      <Filter>Header Files\libFLAC_share</Filter>
    </ClInclude>
    <ClInclude Include="..\libFLAC\include\share\safe_str.h">
      <Filter>Header Files\libFLAC_share</Filter>
    </ClInclude>
    <ClInclude Include="..\libFLAC\include\share\utf8.h">
      <Filter>Header Files\libFLAC_share</Filter>
    </ClInclude>
    <ClInclude Include="..\libFLAC\include\share\win_utf8_io.h">
      <Filter>Header Files\libFLAC_share</Filter>
    </ClInclude>
    <ClInclude Include="..\libFLAC\include\share\grabbag\cuesheet.h">
      <Filter>Header Files\libFLAC_share\grabbag</Filter>
    </ClInclude>
    <ClInclude Include="..\libFLAC\include\share\grabbag\file.h">
      <Filter>Header Files\libFLAC_share\grabbag</Filter>
    </ClInclude>
    <ClInclude Include="..\libFLAC\include\share\grabbag\picture.h">
      <Filter>Header Files\libFLAC_share\grabbag</Filter>
    </ClInclude>
    <ClInclude Include="..\libFLAC\include\share\grabbag\replaygain.h">
      <Filter>Header Files\libFLAC_share\grabbag</Filter>
    </ClInclude>
    <ClInclude Include="..\libFLAC\include\share\grabbag\seektable.h">
      <Filter>Header Files\libFLAC_share\grabbag</Filter>
    </ClInclude>
    <ClInclude Include="..\libOGG\include\ogg\ogg.h">
      <Filter>Header Files\libOGG</Filter>
    </ClInclude>
    <ClInclude Include="..\libOGG\include\ogg\os_types.h">
      <Filter>Header Files\libOGG</Filter>
    </ClInclude>
  </ItemGroup>
  <ItemGroup>
    <ResourceCompile Include="FLACdropQt.rc" />
  </ItemGroup>
  <ItemGroup>
    <Image Include="FLACdrop.ico" />
    <Image Include="banner.png" />
    <Image Include="FLAC-black-icon.png" />
  </ItemGroup>
</Project>